
Microsoft Visual Studio Solution File, Format Version 12.00
# Visual Studio Version 17
VisualStudioVersion = 17.8.34322.80
MinimumVisualStudioVersion = 10.0.40219.1
Project("{9A19103F-16F7-4668-BE54-9A1E7A4F7556}") = "AvaloniaThemeDemo", "src\AvaloniaThemeDemo\AvaloniaThemeDemo.csproj", "{6555AAD0-8629-409D-8B76-730318E14BC4}"
EndProject
Project("{2150E333-8FDC-42A3-9474-1A3956D46DE8}") = "src", "src", "{E6B2E63D-C177-4B65-B2A2-4C850C5918EF}"
EndProject
Global
	GlobalSection(SolutionConfigurationPlatforms) = preSolution
		Debug|Any CPU = Debug|Any CPU
		Release|Any CPU = Release|Any CPU
	EndGlobalSection
	GlobalSection(ProjectConfigurationPlatforms) = postSolution
		{6555AAD0-8629-409D-8B76-730318E14BC4}.Debug|Any CPU.ActiveCfg = Debug|Any CPU
		{6555AAD0-8629-409D-8B76-730318E14BC4}.Debug|Any CPU.Build.0 = Debug|Any CPU
		{6555AAD0-8629-409D-8B76-730318E14BC4}.Release|Any CPU.ActiveCfg = Release|Any CPU
		{6555AAD0-8629-409D-8B76-730318E14BC4}.Release|Any CPU.Build.0 = Release|Any CPU
	EndGlobalSection
	GlobalSection(SolutionProperties) = preSolution
		HideSolutionNode = FALSE
	EndGlobalSection
	GlobalSection(NestedProjects) = preSolution
		{6555AAD0-8629-409D-8B76-730318E14BC4} = {E6B2E63D-C177-4B65-B2A2-4C850C5918EF}
	EndGlobalSection
	GlobalSection(ExtensibilityGlobals) = postSolution
		SolutionGuid = {AA2EB39E-D00B-4939-A1FB-8247A9147909}
	EndGlobalSection
EndGlobal
